
Microsoft Visual Studio Solution File, Format Version 12.00
# Visual Studio Version 17
VisualStudioVersion = 17.5.33516.290
MinimumVisualStudioVersion = 10.0.40219.1
Project("{FAE04EC0-301F-11D3-BF4B-00C04F79EFBC}") = "API", "API\API.csproj", "{22A85BE0-0748-4750-9DB8-9588CF30D427}"
EndProject
Global
	GlobalSection(SolutionConfigurationPlatforms) = preSolution
		Debug|Any CPU = Debug|Any CPU
		Release|Any CPU = Release|Any CPU
	EndGlobalSection
	GlobalSection(ProjectConfigurationPlatforms) = postSolution
		{22A85BE0-0748-4750-9DB8-9588CF30D427}.Debug|Any CPU.ActiveCfg = Debug|Any CPU
		{22A85BE0-0748-4750-9DB8-9588CF30D427}.Debug|Any CPU.Build.0 = Debug|Any CPU
		{22A85BE0-0748-4750-9DB8-9588CF30D427}.Release|Any CPU.ActiveCfg = Release|Any CPU
		{22A85BE0-0748-4750-9DB8-9588CF30D427}.Release|Any CPU.Build.0 = Release|Any CPU
	EndGlobalSection
	GlobalSection(SolutionProperties) = preSolution
		HideSolutionNode = FALSE
	EndGlobalSection
	GlobalSection(ExtensibilityGlobals) = postSolution
		SolutionGuid = {7FB49C2E-7D19-4193-B580-B4D9BEFF04E9}
	EndGlobalSection
EndGlobal
